schema: '2.0'
stages:
  data_load:
    cmd: python src/data_load.py --config=params.yaml
    deps:
    - path: src/clases/eda.py
      hash: md5
      md5: 9ca1603de00f5147265556fccdd0c57a
      size: 5542
    - path: src/data_load.py
      hash: md5
      md5: f29891eeabf75ad3f2c4cf465a2902a6
      size: 908
    params:
      params.yaml:
        base:
          random_state: 42
          log_level: INFO
        data:
          dataset_csv: data/raw/diabetes.csv
          ucirepo_id: 891
    outs:
    - path: data/raw/diabetes.csv
      hash: md5
      md5: 6704502009df9ce45a3084acb4e101cd
      size: 11829915
  featurize:
    cmd: python src/featurize.py --config=params.yaml
    deps:
    - path: data/raw/diabetes.csv
      hash: md5
      md5: 6704502009df9ce45a3084acb4e101cd
      size: 11829915
    - path: src/featurize.py
      hash: md5
      md5: e4d7e0d2f0b15eba414dfb9f46d91a51
      size: 1514
    params:
      params.yaml:
        base:
          random_state: 42
          log_level: INFO
        data:
          dataset_csv: data/raw/diabetes.csv
          ucirepo_id: 891
        featurize:
          features_path: data/processed/featured_diabetes.csv
          target_column: Diabetes_binary
    outs:
    - path: data/processed/featured_diabetes.csv
      hash: md5
      md5: 5feae8f193ab74d16826addc47ff338f
      size: 35436463
  data_split:
    cmd: python src/data_split.py --config=params.yaml
    deps:
    - path: data/processed/featured_diabetes.csv
      hash: md5
      md5: 5feae8f193ab74d16826addc47ff338f
      size: 35436463
    - path: src/data_split.py
      hash: md5
      md5: add3b2ac57c25ba6399ad0cb882d7d3f
      size: 1525
    params:
      params.yaml:
        base:
          random_state: 42
          log_level: INFO
        data_split:
          test_size: 0.8
          trainset_path: data/processed/train_diabetes.csv
          train_target: data/processed/train_target_diabetes.csv
          testset_path: data/processed/test_diabetes.csv
          test_target: data/processed/test_target_diabetes.csv
        featurize:
          features_path: data/processed/featured_diabetes.csv
          target_column: Diabetes_binary
    outs:
    - path: data/processed/test_diabetes.csv
      hash: md5
      md5: a27c264de66a50eb486b367a4e805b03
      size: 6874256
    - path: data/processed/test_target_diabetes.csv
      hash: md5
      md5: 13b6935bf1c53c071213335312b2443d
      size: 152225
    - path: data/processed/train_diabetes.csv
      hash: md5
      md5: 7ebc0e1a3670ae85b4a9158f4b893836
      size: 27497455
    - path: data/processed/train_target_diabetes.csv
      hash: md5
      md5: d9d7204440c27d8d373926c80a707ce7
      size: 608849
  train:
    cmd: python src/train.py --config=params.yaml
    deps:
    - path: data/processed/train_diabetes.csv
      hash: md5
      md5: 7ebc0e1a3670ae85b4a9158f4b893836
      size: 27497455
    - path: data/processed/train_target_diabetes.csv
      hash: md5
      md5: d9d7204440c27d8d373926c80a707ce7
      size: 608849
    - path: src/train.py
      hash: md5
      md5: 9f916733e5e3eec3132bf32e5d58c72d
      size: 1106
    params:
      params.yaml:
        base:
          random_state: 42
          log_level: INFO
        data_split.train_target: data/processed/train_target_diabetes.csv
        data_split.trainset_path: data/processed/train_diabetes.csv
        train:
          logistic_regression:
            max_iter: 2000
            C: 0.1
          random_forest:
            n_estimators: 100
            max_depth: 10
          model_path: models/model.joblib
    outs:
    - path: models/model.joblib
      hash: md5
      md5: 80fed3c5acc4942d5048ceebc46f6023
      size: 1295
  evaluate:
    cmd: python src/evaluate.py --config=params.yaml
    deps:
    - path: data/processed/test_diabetes.csv
      hash: md5
      md5: a27c264de66a50eb486b367a4e805b03
      size: 6874256
    - path: data/processed/test_target_diabetes.csv
      hash: md5
      md5: 13b6935bf1c53c071213335312b2443d
      size: 152225
    - path: models/model.joblib
      hash: md5
      md5: 80fed3c5acc4942d5048ceebc46f6023
      size: 1295
    - path: src/evaluate.py
      hash: md5
      md5: 1842bd2327c4947a214736fe45cf8e8f
      size: 2503
    params:
      params.yaml:
        base:
          random_state: 42
          log_level: INFO
        data_split.test_target: data/processed/test_target_diabetes.csv
        data_split.testset_path: data/processed/test_diabetes.csv
        evaluate:
          reports_dir: reports
          metrics_file: metrics.json
          confusion_matrix_image: confusion_matrix.png
          confusion_matrix_data: confusion_matrix_data.csv
    outs:
    - path: reports/confusion_matrix_data.csv
      hash: md5
      md5: 167ca85c073b7b02bcdfb3eaa9b4687b
      size: 253698
    - path: reports/metrics.json
      hash: md5
      md5: be77cb46fb30803156b1268ac38c49b6
      size: 32
