schema: '2.0'
stages:
  data_load:
    cmd: python src/data_load.py --config=params.yaml
    deps:
    - path: src/clases/eda.py
      hash: md5
      md5: 7cd4e5f43158597d2a99225f7c4267b9
      size: 5392
    - path: src/data_load.py
      hash: md5
      md5: a80368040badd7c453c9487d7c0b5d92
      size: 910
    params:
      params.yaml:
        base:
          random_state: 42
          log_level: INFO
        data:
          dataset_csv: data/raw/diabetes.csv
          ucirepo_id: 891
    outs:
    - path: data/raw/diabetes.csv
      hash: md5
      md5: 6704502009df9ce45a3084acb4e101cd
      size: 11829915
  featurize:
    cmd: python src/featurize.py --config=params.yaml
    deps:
    - path: data/raw/diabetes.csv
      hash: md5
      md5: 6704502009df9ce45a3084acb4e101cd
      size: 11829915
    - path: src/featurize.py
      hash: md5
      md5: 54fc831af0aeeff94b24d9e2dbe39eef
      size: 1524
    params:
      params.yaml:
        base:
          random_state: 42
          log_level: INFO
        data:
          dataset_csv: data/raw/diabetes.csv
          ucirepo_id: 891
        featurize:
          features_path: data/processed/featured_diabetes.csv
          target_column: Diabetes_binary
    outs:
    - path: data/processed/featured_diabetes.csv
      hash: md5
      md5: 95c00c21bca8a9c59447b1a414ce34c3
      size: 35432935
  data_split:
    cmd: python src/data_split.py --config=params.yaml
    deps:
    - path: data/processed/featured_diabetes.csv
      hash: md5
      md5: 95c00c21bca8a9c59447b1a414ce34c3
      size: 35432935
    - path: src/data_split.py
      hash: md5
      md5: 3e6f788d305a3746b9424b32d59b48e0
      size: 1527
    params:
      params.yaml:
        base:
          random_state: 42
          log_level: INFO
        data_split:
          test_size: 0.8
          trainset_path: data/processed/train_diabetes.csv
          train_target: data/processed/train_target_diabetes.csv
          testset_path: data/processed/test_diabetes.csv
          test_target: data/processed/test_target_diabetes.csv
        featurize:
          features_path: data/processed/featured_diabetes.csv
          target_column: Diabetes_binary
    outs:
    - path: data/processed/test_diabetes.csv
      hash: md5
      md5: 7a7d674403ba5e134a0d90c205c7103e
      size: 6875069
    - path: data/processed/test_target_diabetes.csv
      hash: md5
      md5: 13b6935bf1c53c071213335312b2443d
      size: 152225
    - path: data/processed/train_diabetes.csv
      hash: md5
      md5: d74171315683837a4b460d48884ea409
      size: 27499388
    - path: data/processed/train_target_diabetes.csv
      hash: md5
      md5: d9d7204440c27d8d373926c80a707ce7
      size: 608849
  train:
    cmd: python src/train.py --config=params.yaml
    deps:
    - path: data/processed/train_diabetes.csv
      hash: md5
      md5: d74171315683837a4b460d48884ea409
      size: 27499388
    - path: data/processed/train_target_diabetes.csv
      hash: md5
      md5: d9d7204440c27d8d373926c80a707ce7
      size: 608849
    - path: src/train.py
      hash: md5
      md5: 6ac26d51704df47749e38e4afb219479
      size: 1148
    params:
      params.yaml:
        base:
          random_state: 42
          log_level: INFO
        data_split.train_target: data/processed/train_target_diabetes.csv
        data_split.trainset_path: data/processed/train_diabetes.csv
        train:
          logistic_regression:
            max_iter: 2000
            C: 0.1
          random_forest:
            n_estimators: 100
            max_depth: 10
          model_path: models/model.joblib
    outs:
    - path: models/model.joblib
      hash: md5
      md5: 3a763d93ce2afcbefa35c80fcc85a4db
      size: 1295
  evaluate:
    cmd: python src/evaluate.py --config=params.yaml
    deps:
    - path: data/processed/test_diabetes.csv
      hash: md5
      md5: 7a7d674403ba5e134a0d90c205c7103e
      size: 6875069
    - path: data/processed/test_target_diabetes.csv
      hash: md5
      md5: 13b6935bf1c53c071213335312b2443d
      size: 152225
    - path: models/model.joblib
      hash: md5
      md5: 3a763d93ce2afcbefa35c80fcc85a4db
      size: 1295
    - path: src/evaluate.py
      hash: md5
      md5: 5ddb37430021d7dd4175b897f58dccba
      size: 2505
    params:
      params.yaml:
        base:
          random_state: 42
          log_level: INFO
        data_split.test_target: data/processed/test_target_diabetes.csv
        data_split.testset_path: data/processed/test_diabetes.csv
        evaluate:
          reports_dir: reports
          metrics_file: metrics.json
          confusion_matrix_image: confusion_matrix.png
          confusion_matrix_data: confusion_matrix_data.csv
    outs:
    - path: reports/confusion_matrix_data.csv
      hash: md5
      md5: 167ca85c073b7b02bcdfb3eaa9b4687b
      size: 253698
    - path: reports/metrics.json
      hash: md5
      md5: be77cb46fb30803156b1268ac38c49b6
      size: 32
